
Microsoft Visual Studio Solution File, Format Version 12.00
# Visual Studio 15
VisualStudioVersion = 15.0.27428.2043
MinimumVisualStudioVersion = 10.0.40219.1
Project("{FAE04EC0-301F-11D3-BF4B-00C04F79EFBC}") = "Apriori_1", "Apriori_1\Apriori_1.csproj", "{09DB539B-96ED-4DB6-B219-43910B566AA0}"
EndProject
Global
	GlobalSection(SolutionConfigurationPlatforms) = preSolution
		Debug|Any CPU = Debug|Any CPU
		Release|Any CPU = Release|Any CPU
	EndGlobalSection
	GlobalSection(ProjectConfigurationPlatforms) = postSolution
		{09DB539B-96ED-4DB6-B219-43910B566AA0}.Debug|Any CPU.ActiveCfg = Debug|Any CPU
		{09DB539B-96ED-4DB6-B219-43910B566AA0}.Debug|Any CPU.Build.0 = Debug|Any CPU
		{09DB539B-96ED-4DB6-B219-43910B566AA0}.Release|Any CPU.ActiveCfg = Release|Any CPU
		{09DB539B-96ED-4DB6-B219-43910B566AA0}.Release|Any CPU.Build.0 = Release|Any CPU
	EndGlobalSection
	GlobalSection(SolutionProperties) = preSolution
		HideSolutionNode = FALSE
	EndGlobalSection
	GlobalSection(ExtensibilityGlobals) = postSolution
		SolutionGuid = {B8566C2E-A642-4B93-906F-2E73DD8228F2}
	EndGlobalSection
EndGlobal
